// !$*UTF8*$!
{
	archiveVersion = 1;
	classes = {
	};
	objectVersion = 46;
	objects = {

/* Begin PBXBuildFile section */
		9D87F86A16CD5F0000C2B5E7 /* UIKit.framework in Frameworks */ = {isa = PBXBuildFile; fileRef = 9D87F86916CD5F0000C2B5E7 /* UIKit.framework */; };
		9D87F86C16CD5F0000C2B5E7 /* Foundation.framework in Frameworks */ = {isa = PBXBuildFile; fileRef = 9D87F86B16CD5F0000C2B5E7 /* Foundation.framework */; };
		9D87F86E16CD5F0000C2B5E7 /* CoreGraphics.framework in Frameworks */ = {isa = PBXBuildFile; fileRef = 9D87F86D16CD5F0000C2B5E7 /* CoreGraphics.framework */; };
		9D87F87416CD5F0000C2B5E7 /* InfoPlist.strings in Resources */ = {isa = PBXBuildFile; fileRef = 9D87F87216CD5F0000C2B5E7 /* InfoPlist.strings */; };
		9D87F87616CD5F0000C2B5E7 /* main.m in Sources */ = {isa = PBXBuildFile; fileRef = 9D87F87516CD5F0000C2B5E7 /* main.m */; };
		9D87F87A16CD5F0000C2B5E7 /* AppDelegate.m in Sources */ = {isa = PBXBuildFile; fileRef = 9D87F87916CD5F0000C2B5E7 /* AppDelegate.m */; };
		9D87F87C16CD5F0000C2B5E7 /* Default.png in Resources */ = {isa = PBXBuildFile; fileRef = 9D87F87B16CD5F0000C2B5E7 /* Default.png */; };
		9D87F87E16CD5F0000C2B5E7 /* Default@2x.png in Resources */ = {isa = PBXBuildFile; fileRef = 9D87F87D16CD5F0000C2B5E7 /* Default@2x.png */; };
		9D87F88016CD5F0000C2B5E7 /* Default-568h@2x.png in Resources */ = {isa = PBXBuildFile; fileRef = 9D87F87F16CD5F0000C2B5E7 /* Default-568h@2x.png */; };
		9D87F88316CD5F0000C2B5E7 /* MainStoryboard_iPhone.storyboard in Resources */ = {isa = PBXBuildFile; fileRef = 9D87F88116CD5F0000C2B5E7 /* MainStoryboard_iPhone.storyboard */; };
		9D87F88616CD5F0000C2B5E7 /* MainStoryboard_iPad.storyboard in Resources */ = {isa = PBXBuildFile; fileRef = 9D87F88416CD5F0000C2B5E7 /* MainStoryboard_iPad.storyboard */; };
		9D87F88916CD5F0000C2B5E7 /* ViewController.m in Sources */ = {isa = PBXBuildFile; fileRef = 9D87F88816CD5F0000C2B5E7 /* ViewController.m */; };
/* End PBXBuildFile section */

/* Begin PBXFileReference section */
		9D87F86616CD5F0000C2B5E7 /* Bluetooth2.app */ = {isa = PBXFileReference; explicitFileType = wrapper.application; includeInIndex = 0; path = Bluetooth2.app; sourceTree = BUILT_PRODUCTS_DIR; };
		9D87F86916CD5F0000C2B5E7 /* UIKit.framework */ = {isa = PBXFileReference; lastKnownFileType = wrapper.framework; name = UIKit.framework; path = System/Library/Frameworks/UIKit.framework; sourceTree = SDKROOT; };
		9D87F86B16CD5F0000C2B5E7 /* Foundation.framework */ = {isa = PBXFileReference; lastKnownFileType = wrapper.framework; name = Foundation.framework; path = System/Library/Frameworks/Foundation.framework; sourceTree = SDKROOT; };
		9D87F86D16CD5F0000C2B5E7 /* CoreGraphics.framework */ = {isa = PBXFileReference; lastKnownFileType = wrapper.framework; name = CoreGraphics.framework; path = System/Library/Frameworks/CoreGraphics.framework; sourceTree = SDKROOT; };
		9D87F87116CD5F0000C2B5E7 /* Bluetooth2-Info.plist */ = {isa = PBXFileReference; lastKnownFileType = text.plist.xml; path = "Bluetooth2-Info.plist"; sourceTree = "<group>"; };
		9D87F87316CD5F0000C2B5E7 /* en */ = {isa = PBXFileReference; lastKnownFileType = text.plist.strings; name = en; path = en.lproj/InfoPlist.strings; sourceTree = "<group>"; };
		9D87F87516CD5F0000C2B5E7 /* main.m */ = {isa = PBXFileReference; lastKnownFileType = sourcecode.c.objc; path = main.m; sourceTree = "<group>"; };
		9D87F87716CD5F0000C2B5E7 /* Bluetooth2-Prefix.pch */ = {isa = PBXFileReference; lastKnownFileType = sourcecode.c.h; path = "Bluetooth2-Prefix.pch"; sourceTree = "<group>"; };
		9D87F87816CD5F0000C2B5E7 /* AppDelegate.h */ = {isa = PBXFileReference; lastKnownFileType = sourcecode.c.h; path = AppDelegate.h; sourceTree = "<group>"; };
		9D87F87916CD5F0000C2B5E7 /* AppDelegate.m */ = {isa = PBXFileReference; lastKnownFileType = sourcecode.c.objc; path = AppDelegate.m; sourceTree = "<group>"; };
		9D87F87B16CD5F0000C2B5E7 /* Default.png */ = {isa = PBXFileReference; lastKnownFileType = image.png; path = Default.png; sourceTree = "<group>"; };
		9D87F87D16CD5F0000C2B5E7 /* Default@2x.png */ = {isa = PBXFileReference; lastKnownFileType = image.png; path = "Default@2x.png"; sourceTree = "<group>"; };
		9D87F87F16CD5F0000C2B5E7 /* Default-568h@2x.png */ = {isa = PBXFileReference; lastKnownFileType = image.png; path = "Default-568h@2x.png"; sourceTree = "<group>"; };
		9D87F88216CD5F0000C2B5E7 /* en */ = {isa = PBXFileReference; lastKnownFileType = file.storyboard; name = en; path = en.lproj/MainStoryboard_iPhone.storyboard; sourceTree = "<group>"; };
		9D87F88516CD5F0000C2B5E7 /* en */ = {isa = PBXFileReference; lastKnownFileType = file.storyboard; name = en; path = en.lproj/MainStoryboard_iPad.storyboard; sourceTree = "<group>"; };
		9D87F88716CD5F0000C2B5E7 /* ViewController.h */ = {isa = PBXFileReference; lastKnownFileType = sourcecode.c.h; path = ViewController.h; sourceTree = "<group>"; };
		9D87F88816CD5F0000C2B5E7 /* ViewController.m */ = {isa = PBXFileReference; lastKnownFileType = sourcecode.c.objc; path = ViewController.m; sourceTree = "<group>"; };
/* End PBXFileReference section */

/* Begin PBXFrameworksBuildPhase section */
		9D87F86316CD5F0000C2B5E7 /* Frameworks */ = {
			isa = PBXFrameworksBuildPhase;
			buildActionMask = 2147483647;
			files = (
				9D87F86A16CD5F0000C2B5E7 /* UIKit.framework in Frameworks */,
				9D87F86C16CD5F0000C2B5E7 /* Foundation.framework in Frameworks */,
				9D87F86E16CD5F0000C2B5E7 /* CoreGraphics.framework in Frameworks */,
			);
			runOnlyForDeploymentPostprocessing = 0;
		};
/* End PBXFrameworksBuildPhase section */

/* Begin PBXGroup section */
		9D87F85D16CD5F0000C2B5E7 = {
			isa = PBXGroup;
			children = (
				9D87F86F16CD5F0000C2B5E7 /* Bluetooth2 */,
				9D87F86816CD5F0000C2B5E7 /* Frameworks */,
				9D87F86716CD5F0000C2B5E7 /* Products */,
			);
			sourceTree = "<group>";
		};
		9D87F86716CD5F0000C2B5E7 /* Products */ = {
			isa = PBXGroup;
			children = (
				9D87F86616CD5F0000C2B5E7 /* Bluetooth2.app */,
			);
			name = Products;
			sourceTree = "<group>";
		};
		9D87F86816CD5F0000C2B5E7 /* Frameworks */ = {
			isa = PBXGroup;
			children = (
				9D87F86916CD5F0000C2B5E7 /* UIKit.framework */,
				9D87F86B16CD5F0000C2B5E7 /* Foundation.framework */,
				9D87F86D16CD5F0000C2B5E7 /* CoreGraphics.framework */,
			);
			name = Frameworks;
			sourceTree = "<group>";
		};
		9D87F86F16CD5F0000C2B5E7 /* Bluetooth2 */ = {
			isa = PBXGroup;
			children = (
				9D87F87816CD5F0000C2B5E7 /* AppDelegate.h */,
				9D87F87916CD5F0000C2B5E7 /* AppDelegate.m */,
				9D87F88116CD5F0000C2B5E7 /* MainStoryboard_iPhone.storyboard */,
				9D87F88416CD5F0000C2B5E7 /* MainStoryboard_iPad.storyboard */,
				9D87F88716CD5F0000C2B5E7 /* ViewController.h */,
				9D87F88816CD5F0000C2B5E7 /* ViewController.m */,
				9D87F87016CD5F0000C2B5E7 /* Supporting Files */,
			);
			path = Bluetooth2;
			sourceTree = "<group>";
		};
		9D87F87016CD5F0000C2B5E7 /* Supporting Files */ = {
			isa = PBXGroup;
			children = (
				9D87F87116CD5F0000C2B5E7 /* Bluetooth2-Info.plist */,
				9D87F87216CD5F0000C2B5E7 /* InfoPlist.strings */,
				9D87F87516CD5F0000C2B5E7 /* main.m */,
				9D87F87716CD5F0000C2B5E7 /* Bluetooth2-Prefix.pch */,
				9D87F87B16CD5F0000C2B5E7 /* Default.png */,
				9D87F87D16CD5F0000C2B5E7 /* Default@2x.png */,
				9D87F87F16CD5F0000C2B5E7 /* Default-568h@2x.png */,
			);
			name = "Supporting Files";
			sourceTree = "<group>";
		};
/* End PBXGroup section */

/* Begin PBXNativeTarget section */
		9D87F86516CD5F0000C2B5E7 /* Bluetooth2 */ = {
			isa = PBXNativeTarget;
			buildConfigurationList = 9D87F88C16CD5F0000C2B5E7 /* Build configuration list for PBXNativeTarget "Bluetooth2" */;
			buildPhases = (
				9D87F86216CD5F0000C2B5E7 /* Sources */,
				9D87F86316CD5F0000C2B5E7 /* Frameworks */,
				9D87F86416CD5F0000C2B5E7 /* Resources */,
			);
			buildRules = (
			);
			dependencies = (
			);
			name = Bluetooth2;
			productName = Bluetooth2;
			productReference = 9D87F86616CD5F0000C2B5E7 /* Bluetooth2.app */;
			productType = "com.apple.product-type.application";
		};
/* End PBXNativeTarget section */

/* Begin PBXProject section */
		9D87F85E16CD5F0000C2B5E7 /* Project object */ = {
			isa = PBXProject;
			attributes = {
				LastUpgradeCheck = 0460;
				ORGANIZATIONNAME = "Harish Ramakrishnan";
			};
			buildConfigurationList = 9D87F86116CD5F0000C2B5E7 /* Build configuration list for PBXProject "Bluetooth2" */;
			compatibilityVersion = "Xcode 3.2";
			developmentRegion = English;
			hasScannedForEncodings = 0;
			knownRegions = (
				en,
			);
			mainGroup = 9D87F85D16CD5F0000C2B5E7;
			productRefGroup = 9D87F86716CD5F0000C2B5E7 /* Products */;
			projectDirPath = "";
			projectRoot = "";
			targets = (
				9D87F86516CD5F0000C2B5E7 /* Bluetooth2 */,
			);
		};
/* End PBXProject section */

/* Begin PBXResourcesBuildPhase section */
		9D87F86416CD5F0000C2B5E7 /* Resources */ = {
			isa = PBXResourcesBuildPhase;
			buildActionMask = 2147483647;
			files = (
				9D87F87416CD5F0000C2B5E7 /* InfoPlist.strings in Resources */,
				9D87F87C16CD5F0000C2B5E7 /* Default.png in Resources */,
				9D87F87E16CD5F0000C2B5E7 /* Default@2x.png in Resources */,
				9D87F88016CD5F0000C2B5E7 /* Default-568h@2x.png in Resources */,
				9D87F88316CD5F0000C2B5E7 /* MainStoryboard_iPhone.storyboard in Resources */,
				9D87F88616CD5F0000C2B5E7 /* MainStoryboard_iPad.storyboard in Resources */,
			);
			runOnlyForDeploymentPostprocessing = 0;
		};
/* End PBXResourcesBuildPhase section */

/* Begin PBXSourcesBuildPhase section */
		9D87F86216CD5F0000C2B5E7 /* Sources */ = {
			isa = PBXSourcesBuildPhase;
			buildActionMask = 2147483647;
			files = (
				9D87F87616CD5F0000C2B5E7 /* main.m in Sources */,
				9D87F87A16CD5F0000C2B5E7 /* AppDelegate.m in Sources */,
				9D87F88916CD5F0000C2B5E7 /* ViewController.m in Sources */,
			);
			runOnlyForDeploymentPostprocessing = 0;
		};
/* End PBXSourcesBuildPhase section */

/* Begin PBXVariantGroup section */
		9D87F87216CD5F0000C2B5E7 /* InfoPlist.strings */ = {
			isa = PBXVariantGroup;
			children = (
				9D87F87316CD5F0000C2B5E7 /* en */,
			);
			name = InfoPlist.strings;
			sourceTree = "<group>";
		};
		9D87F88116CD5F0000C2B5E7 /* MainStoryboard_iPhone.storyboard */ = {
			isa = PBXVariantGroup;
			children = (
				9D87F88216CD5F0000C2B5E7 /* en */,
			);
			name = MainStoryboard_iPhone.storyboard;
			sourceTree = "<group>";
		};
		9D87F88416CD5F0000C2B5E7 /* MainStoryboard_iPad.storyboard */ = {
			isa = PBXVariantGroup;
			children = (
				9D87F88516CD5F0000C2B5E7 /* en */,
			);
			name = MainStoryboard_iPad.storyboard;
			sourceTree = "<group>";
		};
/* End PBXVariantGroup section */

/* Begin XCBuildConfiguration section */
		9D87F88A16CD5F0000C2B5E7 /* Debug */ = {
			isa = XCBuildConfiguration;
			buildSettings = {
				ALWAYS_SEARCH_USER_PATHS = NO;
				CLANG_CXX_LANGUAGE_STANDARD = "gnu++0x";
				CLANG_CXX_LIBRARY = "libc++";
				CLANG_ENABLE_OBJC_ARC = YES;
				CLANG_WARN_CONSTANT_CONVERSION = YES;
				CLANG_WARN_EMPTY_BODY = YES;
				CLANG_WARN_ENUM_CONVERSION = YES;
				CLANG_WARN_INT_CONVERSION = YES;
				CLANG_WARN__DUPLICATE_METHOD_MATCH = YES;
				"CODE_SIGN_IDENTITY[sdk=iphoneos*]" = "iPhone Developer";
				COPY_PHASE_STRIP = NO;
				GCC_C_LANGUAGE_STANDARD = gnu99;
				GCC_DYNAMIC_NO_PIC = NO;
				GCC_OPTIMIZATION_LEVEL = 0;
				GCC_PREPROCESSOR_DEFINITIONS = (
					"DEBUG=1",
					"$(inherited)",
				);
				GCC_SYMBOLS_PRIVATE_EXTERN = NO;
				GCC_WARN_ABOUT_RETURN_TYPE = YES;
				GCC_WARN_UNINITIALIZED_AUTOS = YES;
				GCC_WARN_UNUSED_VARIABLE = YES;
				IPHONEOS_DEPLOYMENT_TARGET = 6.1;
				ONLY_ACTIVE_ARCH = YES;
				SDKROOT = iphoneos;
				TARGETED_DEVICE_FAMILY = "1,2";
			};
			name = Debug;
		};
		9D87F88B16CD5F0000C2B5E7 /* Release */ = {
			isa = XCBuildConfiguration;
			buildSettings = {
				ALWAYS_SEARCH_USER_PATHS = NO;
				CLANG_CXX_LANGUAGE_STANDARD = "gnu++0x";
				CLANG_CXX_LIBRARY = "libc++";
				CLANG_ENABLE_OBJC_ARC = YES;
				CLANG_WARN_CONSTANT_CONVERSION = YES;
				CLANG_WARN_EMPTY_BODY = YES;
				CLANG_WARN_ENUM_CONVERSION = YES;
				CLANG_WARN_INT_CONVERSION = YES;
				CLANG_WARN__DUPLICATE_METHOD_MATCH = YES;
				"CODE_SIGN_IDENTITY[sdk=iphoneos*]" = "iPhone Developer";
				COPY_PHASE_STRIP = YES;
				GCC_C_LANGUAGE_STANDARD = gnu99;
				GCC_WARN_ABOUT_RETURN_TYPE = YES;
				GCC_WARN_UNINITIALIZED_AUTOS = YES;
				GCC_WARN_UNUSED_VARIABLE = YES;
				IPHONEOS_DEPLOYMENT_TARGET = 6.1;
				OTHER_CFLAGS = "-DNS_BLOCK_ASSERTIONS=1";
				SDKROOT = iphoneos;
				TARGETED_DEVICE_FAMILY = "1,2";
				VALIDATE_PRODUCT = YES;
			};
			name = Release;
		};
		9D87F88D16CD5F0000C2B5E7 /* Debug */ = {
			isa = XCBuildConfiguration;
			buildSettings = {
				GCC_PRECOMPILE_PREFIX_HEADER = YES;
				GCC_PREFIX_HEADER = "Bluetooth2/Bluetooth2-Prefix.pch";
				INFOPLIST_FILE = "Bluetooth2/Bluetooth2-Info.plist";
				PRODUCT_NAME = "$(TARGET_NAME)";
				WRAPPER_EXTENSION = app;
			};
			name = Debug;
		};
		9D87F88E16CD5F0000C2B5E7 /* Release */ = {
			isa = XCBuildConfiguration;
			buildSettings = {
				GCC_PRECOMPILE_PREFIX_HEADER = YES;
				GCC_PREFIX_HEADER = "Bluetooth2/Bluetooth2-Prefix.pch";
				INFOPLIST_FILE = "Bluetooth2/Bluetooth2-Info.plist";
				PRODUCT_NAME = "$(TARGET_NAME)";
				WRAPPER_EXTENSION = app;
			};
			name = Release;
		};
/* End XCBuildConfiguration section */

/* Begin XCConfigurationList section */
		9D87F86116CD5F0000C2B5E7 /* Build configuration list for PBXProject "Bluetooth2" */ = {
			isa = XCConfigurationList;
			buildConfigurations = (
				9D87F88A16CD5F0000C2B5E7 /* Debug */,
				9D87F88B16CD5F0000C2B5E7 /* Release */,
			);
			defaultConfigurationIsVisible = 0;
			defaultConfigurationName = Release;
		};
		9D87F88C16CD5F0000C2B5E7 /* Build configuration list for PBXNativeTarget "Bluetooth2" */ = {
			isa = XCConfigurationList;
			buildConfigurations = (
				9D87F88D16CD5F0000C2B5E7 /* Debug */,
				9D87F88E16CD5F0000C2B5E7 /* Release */,
			);
			defaultConfigurationIsVisible = 0;
		};
/* End XCConfigurationList section */
	};
	rootObject = 9D87F85E16CD5F0000C2B5E7 /* Project object */;
}
